
Microsoft Visual Studio Solution File, Format Version 12.00
# Visual Studio Version 17
VisualStudioVersion = 17.14.36414.22
MinimumVisualStudioVersion = 10.0.40219.1
Project("{2150E333-8FDC-42A3-9474-1A3956D46DE8}") = "Tyuiu.KosyakovDS.Sprint3.Task0.V26", "Tyuiu.KosyakovDS.Sprint3.Task0.V26", "{02EA681E-C7D8-13C7-8484-4AC65E1B71E8}"
EndProject
Project("{FAE04EC0-301F-11D3-BF4B-00C04F79EFBC}") = "Tyuiu.KosyakovDS.Sprint3.Task0.V26", "Tyuiu.KosyakovDS.Sprint3.Task0.V26\Tyuiu.KosyakovDS.Sprint3.Task0.V26.csproj", "{7E5F4FD3-6517-4A37-AA97-D1A6B55FBFE7}"
EndProject
Project("{FAE04EC0-301F-11D3-BF4B-00C04F79EFBC}") = "Tyuiu.KosyakovDS.Sprint3.Task0.V26.Lib", "Tyuiu.KosyakovDS.Sprint3.Task0.V26.Lib\Tyuiu.KosyakovDS.Sprint3.Task0.V26.Lib.csproj", "{236303FE-3AE4-4787-8531-6E75C9872C75}"
EndProject
Project("{FAE04EC0-301F-11D3-BF4B-00C04F79EFBC}") = "Tyuiu.KosyakovDS.Sprint3.Task0.V26.Test", "Tyuiu.KosyakovDS.Sprint3.Task0.V26.Test\Tyuiu.KosyakovDS.Sprint3.Task0.V26.Test.csproj", "{CDCF9947-37F9-4115-B0FA-7D4E44932674}"
EndProject
Project("{2150E333-8FDC-42A3-9474-1A3956D46DE8}") = "Tyuiu.KosyakovDS.Sprint3.Task1.V8", "Tyuiu.KosyakovDS.Sprint3.Task1.V8", "{0E5EFEB8-9C81-4CDF-92F2-4D5BC1C5803A}"
EndProject
Project("{FAE04EC0-301F-11D3-BF4B-00C04F79EFBC}") = "Tyuiu.KosyakovDS.Sprint3.Task1.V8", "Tyuiu.KosyakovDS.Sprint3.Task1.V8\Tyuiu.KosyakovDS.Sprint3.Task1.V8.csproj", "{D09146F0-D003-4735-B5DE-53512ADBD0AF}"
EndProject
Project("{FAE04EC0-301F-11D3-BF4B-00C04F79EFBC}") = "Tyuiu.KosyakovDS.Sprint3.Task1.V8.Lib", "Tyuiu.KosyakovDS.Sprint3.Task1.V8.Lib\Tyuiu.KosyakovDS.Sprint3.Task1.V8.Lib.csproj", "{F7A91846-1748-4B7C-9D34-C1DEE3D35D10}"
EndProject
Project("{FAE04EC0-301F-11D3-BF4B-00C04F79EFBC}") = "Tyuiu.KosyakovDS.Sprint3.Task1.V8.Test", "Tyuiu.KosyakovDS.Sprint3.Task1.V8.Test\Tyuiu.KosyakovDS.Sprint3.Task1.V8.Test.csproj", "{66AFE5B1-D41A-43BC-8519-FA1C2F130987}"
EndProject
Project("{2150E333-8FDC-42A3-9474-1A3956D46DE8}") = "Tyuiu.KosyakovDS.Sprint3.Task2.V20", "Tyuiu.KosyakovDS.Sprint3.Task2.V20", "{03C35E4C-EDB4-49EF-AAEE-FEEED30993DE}"
EndProject
Project("{FAE04EC0-301F-11D3-BF4B-00C04F79EFBC}") = "Tyuiu.KosyakovDS.Sprint3.Task2.V20", "Tyuiu.KosyakovDS.Sprint3.Task2.V20\Tyuiu.KosyakovDS.Sprint3.Task2.V20.csproj", "{DF84993A-AAAE-4B07-AC3A-2CAFD1F69D5C}"
EndProject
Project("{FAE04EC0-301F-11D3-BF4B-00C04F79EFBC}") = "Tyuiu.KosyakovDS.Sprint3.Task2.V20.Lib", "Tyuiu.KosyakovDS.Sprint3.Task2.V20.Lib\Tyuiu.KosyakovDS.Sprint3.Task2.V20.Lib.csproj", "{8306B36F-C7FF-4BD0-89DD-0A7FC3BD755E}"
EndProject
Project("{FAE04EC0-301F-11D3-BF4B-00C04F79EFBC}") = "Tyuiu.KosyakovDS.Sprint3.Task2.V20.Test", "Tyuiu.KosyakovDS.Sprint3.Task2.V20.Test\Tyuiu.KosyakovDS.Sprint3.Task2.V20.Test.csproj", "{D8812C60-DEE9-450F-BB3A-E158006C4C44}"
EndProject
Project("{2150E333-8FDC-42A3-9474-1A3956D46DE8}") = "Tyuiu.KosyakovDS.Sprint3.Task3.V13", "Tyuiu.KosyakovDS.Sprint3.Task3.V13", "{4A1F7A03-550D-442A-B9B7-694F7E74C0BC}"
EndProject
Project("{FAE04EC0-301F-11D3-BF4B-00C04F79EFBC}") = "Tyuiu.KosyakovDS.Sprint3.Task3.V13", "Tyuiu.KosyakovDS.Sprint3.Task3.V13\Tyuiu.KosyakovDS.Sprint3.Task3.V13.csproj", "{5F84A3DE-6DEB-42ED-B871-F316BA31BC70}"
EndProject
Project("{FAE04EC0-301F-11D3-BF4B-00C04F79EFBC}") = "Tyuiu.KosyakovDS.Sprint3.Task3.V13.Lib", "Tyuiu.KosyakovDS.Sprint3.Task3.V13.Lib\Tyuiu.KosyakovDS.Sprint3.Task3.V13.Lib.csproj", "{F8C7BF8D-018A-4AF0-B5CD-95B20C1EFF42}"
EndProject
Project("{FAE04EC0-301F-11D3-BF4B-00C04F79EFBC}") = "Tyuiu.KosyakovDS.Sprint3.Task3.V13.Test", "Tyuiu.KosyakovDS.Sprint3.Task3.V13.Test\Tyuiu.KosyakovDS.Sprint3.Task3.V13.Test.csproj", "{32799249-C86C-498E-A969-C613EA8CBD74}"
EndProject
Project("{2150E333-8FDC-42A3-9474-1A3956D46DE8}") = "Tyuiu.KosyakovDS.Sprint3.Task4.V10", "Tyuiu.KosyakovDS.Sprint3.Task4.V10", "{C0EAFB6D-DCB8-4E78-9A72-41B5488B0093}"
EndProject
Project("{FAE04EC0-301F-11D3-BF4B-00C04F79EFBC}") = "Tyuiu.KosyakovDS.Sprint3.Task4.V10", "Tyuiu.KosyakovDS.Sprint3.Task4.V10\Tyuiu.KosyakovDS.Sprint3.Task4.V10.csproj", "{0FEF27BC-22C3-4FA7-9CDB-4507F68FA0D1}"
EndProject
Project("{FAE04EC0-301F-11D3-BF4B-00C04F79EFBC}") = "Tyuiu.KosyakovDS.Sprint3.Task4.V10.Lib", "Tyuiu.KosyakovDS.Sprint3.Task4.V10.Lib\Tyuiu.KosyakovDS.Sprint3.Task4.V10.Lib.csproj", "{72713599-E7E9-4AE2-BD01-F7FCC29EFDDE}"
EndProject
Project("{FAE04EC0-301F-11D3-BF4B-00C04F79EFBC}") = "Tyuiu.KosyakovDS.Sprint3.Task4.V10.Test", "Tyuiu.KosyakovDS.Sprint3.Task4.V10.Test\Tyuiu.KosyakovDS.Sprint3.Task4.V10.Test.csproj", "{CB6CDFC3-3866-44DD-9CD5-F73027B99351}"
EndProject
Project("{2150E333-8FDC-42A3-9474-1A3956D46DE8}") = "Tyuiu.KosyakovDS.Sprint3.Task5.V25", "Tyuiu.KosyakovDS.Sprint3.Task5.V25", "{5E655086-6EBD-4D0A-BF49-273D7B40C7C6}"
EndProject
Project("{FAE04EC0-301F-11D3-BF4B-00C04F79EFBC}") = "Tyuiu.KosyakovDS.Sprint3.Task5.V25", "Tyuiu.KosyakovDS.Sprint3.Task5.V25\Tyuiu.KosyakovDS.Sprint3.Task5.V25.csproj", "{903FFCE0-6C25-447A-8B57-9AE942DB21EA}"
EndProject
Project("{FAE04EC0-301F-11D3-BF4B-00C04F79EFBC}") = "Tyuiu.KosyakovDS.Sprint3.Task5.V25.Test", "Tyuiu.KosyakovDS.Sprint3.Task5.V25.Test\Tyuiu.KosyakovDS.Sprint3.Task5.V25.Test.csproj", "{025CFEC1-E13F-4854-9E5F-D8A220D26C63}"
EndProject
Project("{FAE04EC0-301F-11D3-BF4B-00C04F79EFBC}") = "Tyuiu.KosyakovDS.Sprint3.Task5.V25.Lib", "Tyuiu.KosyakovDS.Sprint3.Task5.V25.Lib\Tyuiu.KosyakovDS.Sprint3.Task5.V25.Lib.csproj", "{0A2C8752-C1AB-4A7E-9BFE-8182CEDB1666}"
EndProject
Project("{2150E333-8FDC-42A3-9474-1A3956D46DE8}") = "Tyuiu.KosyakovDS.Sprint3.Task6.V25", "Tyuiu.KosyakovDS.Sprint3.Task6.V25", "{35457851-DF67-4D6A-AB6F-D1C48BED9D83}"
EndProject
Project("{FAE04EC0-301F-11D3-BF4B-00C04F79EFBC}") = "Tyuiu.KosyakovDS.Sprint3.Task6.V25", "Tyuiu.KosyakovDS.Sprint3.Task6.V25\Tyuiu.KosyakovDS.Sprint3.Task6.V25.csproj", "{23E0FC2A-F68A-40F6-A961-2EEEF615C1F8}"
EndProject
Project("{FAE04EC0-301F-11D3-BF4B-00C04F79EFBC}") = "Tyuiu.KosyakovDS.Sprint3.Task6.V25.Lib", "Tyuiu.KosyakovDS.Sprint3.Task6.V25.Lib\Tyuiu.KosyakovDS.Sprint3.Task6.V25.Lib.csproj", "{F4D899CC-68BE-4D86-B170-77324C64685D}"
EndProject
Project("{FAE04EC0-301F-11D3-BF4B-00C04F79EFBC}") = "Tyuiu.KosyakovDS.Sprint3.Task6.V25.Test", "Tyuiu.KosyakovDS.Sprint3.Task6.V25.Test\Tyuiu.KosyakovDS.Sprint3.Task6.V25.Test.csproj", "{13936586-B75D-4B2E-8243-CE2E2E2FC213}"
EndProject
Project("{2150E333-8FDC-42A3-9474-1A3956D46DE8}") = "Tyuiu.KosyakovDS.Sprint3.Task7.V25", "Tyuiu.KosyakovDS.Sprint3.Task7.V25", "{D673A84F-5F91-488E-81DF-C250EC8F969F}"
EndProject
Project("{FAE04EC0-301F-11D3-BF4B-00C04F79EFBC}") = "Tyuiu.KosyakovDS.Sprint3.Task7.V25", "Tyuiu.KosyakovDS.Sprint3.Task7.V25\Tyuiu.KosyakovDS.Sprint3.Task7.V25.csproj", "{45EAF148-1694-44D4-AFB8-A373F0E28880}"
EndProject
Project("{FAE04EC0-301F-11D3-BF4B-00C04F79EFBC}") = "Tyuiu.KosyakovDS.Sprint3.Task7.V25.Test", "Tyuiu.KosyakovDS.Sprint3.Task7.V25.Test\Tyuiu.KosyakovDS.Sprint3.Task7.V25.Test.csproj", "{31BD397A-1D73-45DD-91EA-F038386EB43D}"
EndProject
Project("{FAE04EC0-301F-11D3-BF4B-00C04F79EFBC}") = "Tyuiu.KosyakovDS.Sprint3.Task7.V25.Lib", "Tyuiu.KosyakovDS.Sprint3.Task7.V25.Lib\Tyuiu.KosyakovDS.Sprint3.Task7.V25.Lib.csproj", "{B87013F8-3E72-4A18-86FC-DE18E5BA9D13}"
EndProject
Global
	GlobalSection(SolutionConfigurationPlatforms) = preSolution
		Debug|Any CPU = Debug|Any CPU
		Release|Any CPU = Release|Any CPU
	EndGlobalSection
	GlobalSection(ProjectConfigurationPlatforms) = postSolution
		{7E5F4FD3-6517-4A37-AA97-D1A6B55FBFE7}.Debug|Any CPU.ActiveCfg = Debug|Any CPU
		{7E5F4FD3-6517-4A37-AA97-D1A6B55FBFE7}.Debug|Any CPU.Build.0 = Debug|Any CPU
		{7E5F4FD3-6517-4A37-AA97-D1A6B55FBFE7}.Release|Any CPU.ActiveCfg = Release|Any CPU
		{7E5F4FD3-6517-4A37-AA97-D1A6B55FBFE7}.Release|Any CPU.Build.0 = Release|Any CPU
		{236303FE-3AE4-4787-8531-6E75C9872C75}.Debug|Any CPU.ActiveCfg = Debug|Any CPU
		{236303FE-3AE4-4787-8531-6E75C9872C75}.Debug|Any CPU.Build.0 = Debug|Any CPU
		{236303FE-3AE4-4787-8531-6E75C9872C75}.Release|Any CPU.ActiveCfg = Release|Any CPU
		{236303FE-3AE4-4787-8531-6E75C9872C75}.Release|Any CPU.Build.0 = Release|Any CPU
		{CDCF9947-37F9-4115-B0FA-7D4E44932674}.Debug|Any CPU.ActiveCfg = Debug|Any CPU
		{CDCF9947-37F9-4115-B0FA-7D4E44932674}.Debug|Any CPU.Build.0 = Debug|Any CPU
		{CDCF9947-37F9-4115-B0FA-7D4E44932674}.Release|Any CPU.ActiveCfg = Release|Any CPU
		{CDCF9947-37F9-4115-B0FA-7D4E44932674}.Release|Any CPU.Build.0 = Release|Any CPU
		{D09146F0-D003-4735-B5DE-53512ADBD0AF}.Debug|Any CPU.ActiveCfg = Debug|Any CPU
		{D09146F0-D003-4735-B5DE-53512ADBD0AF}.Debug|Any CPU.Build.0 = Debug|Any CPU
		{D09146F0-D003-4735-B5DE-53512ADBD0AF}.Release|Any CPU.ActiveCfg = Release|Any CPU
		{D09146F0-D003-4735-B5DE-53512ADBD0AF}.Release|Any CPU.Build.0 = Release|Any CPU
		{F7A91846-1748-4B7C-9D34-C1DEE3D35D10}.Debug|Any CPU.ActiveCfg = Debug|Any CPU
		{F7A91846-1748-4B7C-9D34-C1DEE3D35D10}.Debug|Any CPU.Build.0 = Debug|Any CPU
		{F7A91846-1748-4B7C-9D34-C1DEE3D35D10}.Release|Any CPU.ActiveCfg = Release|Any CPU
		{F7A91846-1748-4B7C-9D34-C1DEE3D35D10}.Release|Any CPU.Build.0 = Release|Any CPU
		{66AFE5B1-D41A-43BC-8519-FA1C2F130987}.Debug|Any CPU.ActiveCfg = Debug|Any CPU
		{66AFE5B1-D41A-43BC-8519-FA1C2F130987}.Debug|Any CPU.Build.0 = Debug|Any CPU
		{66AFE5B1-D41A-43BC-8519-FA1C2F130987}.Release|Any CPU.ActiveCfg = Release|Any CPU
		{66AFE5B1-D41A-43BC-8519-FA1C2F130987}.Release|Any CPU.Build.0 = Release|Any CPU
		{DF84993A-AAAE-4B07-AC3A-2CAFD1F69D5C}.Debug|Any CPU.ActiveCfg = Debug|Any CPU
		{DF84993A-AAAE-4B07-AC3A-2CAFD1F69D5C}.Debug|Any CPU.Build.0 = Debug|Any CPU
		{DF84993A-AAAE-4B07-AC3A-2CAFD1F69D5C}.Release|Any CPU.ActiveCfg = Release|Any CPU
		{DF84993A-AAAE-4B07-AC3A-2CAFD1F69D5C}.Release|Any CPU.Build.0 = Release|Any CPU
		{8306B36F-C7FF-4BD0-89DD-0A7FC3BD755E}.Debug|Any CPU.ActiveCfg = Debug|Any CPU
		{8306B36F-C7FF-4BD0-89DD-0A7FC3BD755E}.Debug|Any CPU.Build.0 = Debug|Any CPU
		{8306B36F-C7FF-4BD0-89DD-0A7FC3BD755E}.Release|Any CPU.ActiveCfg = Release|Any CPU
		{8306B36F-C7FF-4BD0-89DD-0A7FC3BD755E}.Release|Any CPU.Build.0 = Release|Any CPU
		{D8812C60-DEE9-450F-BB3A-E158006C4C44}.Debug|Any CPU.ActiveCfg = Debug|Any CPU
		{D8812C60-DEE9-450F-BB3A-E158006C4C44}.Debug|Any CPU.Build.0 = Debug|Any CPU
		{D8812C60-DEE9-450F-BB3A-E158006C4C44}.Release|Any CPU.ActiveCfg = Release|Any CPU
		{D8812C60-DEE9-450F-BB3A-E158006C4C44}.Release|Any CPU.Build.0 = Release|Any CPU
		{5F84A3DE-6DEB-42ED-B871-F316BA31BC70}.Debug|Any CPU.ActiveCfg = Debug|Any CPU
		{5F84A3DE-6DEB-42ED-B871-F316BA31BC70}.Debug|Any CPU.Build.0 = Debug|Any CPU
		{5F84A3DE-6DEB-42ED-B871-F316BA31BC70}.Release|Any CPU.ActiveCfg = Release|Any CPU
		{5F84A3DE-6DEB-42ED-B871-F316BA31BC70}.Release|Any CPU.Build.0 = Release|Any CPU
		{F8C7BF8D-018A-4AF0-B5CD-95B20C1EFF42}.Debug|Any CPU.ActiveCfg = Debug|Any CPU
		{F8C7BF8D-018A-4AF0-B5CD-95B20C1EFF42}.Debug|Any CPU.Build.0 = Debug|Any CPU
		{F8C7BF8D-018A-4AF0-B5CD-95B20C1EFF42}.Release|Any CPU.ActiveCfg = Release|Any CPU
		{F8C7BF8D-018A-4AF0-B5CD-95B20C1EFF42}.Release|Any CPU.Build.0 = Release|Any CPU
		{32799249-C86C-498E-A969-C613EA8CBD74}.Debug|Any CPU.ActiveCfg = Debug|Any CPU
		{32799249-C86C-498E-A969-C613EA8CBD74}.Debug|Any CPU.Build.0 = Debug|Any CPU
		{32799249-C86C-498E-A969-C613EA8CBD74}.Release|Any CPU.ActiveCfg = Release|Any CPU
		{32799249-C86C-498E-A969-C613EA8CBD74}.Release|Any CPU.Build.0 = Release|Any CPU
		{0FEF27BC-22C3-4FA7-9CDB-4507F68FA0D1}.Debug|Any CPU.ActiveCfg = Debug|Any CPU
		{0FEF27BC-22C3-4FA7-9CDB-4507F68FA0D1}.Debug|Any CPU.Build.0 = Debug|Any CPU
		{0FEF27BC-22C3-4FA7-9CDB-4507F68FA0D1}.Release|Any CPU.ActiveCfg = Release|Any CPU
		{0FEF27BC-22C3-4FA7-9CDB-4507F68FA0D1}.Release|Any CPU.Build.0 = Release|Any CPU
		{72713599-E7E9-4AE2-BD01-F7FCC29EFDDE}.Debug|Any CPU.ActiveCfg = Debug|Any CPU
		{72713599-E7E9-4AE2-BD01-F7FCC29EFDDE}.Debug|Any CPU.Build.0 = Debug|Any CPU
		{72713599-E7E9-4AE2-BD01-F7FCC29EFDDE}.Release|Any CPU.ActiveCfg = Release|Any CPU
		{72713599-E7E9-4AE2-BD01-F7FCC29EFDDE}.Release|Any CPU.Build.0 = Release|Any CPU
		{CB6CDFC3-3866-44DD-9CD5-F73027B99351}.Debug|Any CPU.ActiveCfg = Debug|Any CPU
		{CB6CDFC3-3866-44DD-9CD5-F73027B99351}.Debug|Any CPU.Build.0 = Debug|Any CPU
		{CB6CDFC3-3866-44DD-9CD5-F73027B99351}.Release|Any CPU.ActiveCfg = Release|Any CPU
		{CB6CDFC3-3866-44DD-9CD5-F73027B99351}.Release|Any CPU.Build.0 = Release|Any CPU
		{903FFCE0-6C25-447A-8B57-9AE942DB21EA}.Debug|Any CPU.ActiveCfg = Debug|Any CPU
		{903FFCE0-6C25-447A-8B57-9AE942DB21EA}.Debug|Any CPU.Build.0 = Debug|Any CPU
		{903FFCE0-6C25-447A-8B57-9AE942DB21EA}.Release|Any CPU.ActiveCfg = Release|Any CPU
		{903FFCE0-6C25-447A-8B57-9AE942DB21EA}.Release|Any CPU.Build.0 = Release|Any CPU
		{025CFEC1-E13F-4854-9E5F-D8A220D26C63}.Debug|Any CPU.ActiveCfg = Debug|Any CPU
		{025CFEC1-E13F-4854-9E5F-D8A220D26C63}.Debug|Any CPU.Build.0 = Debug|Any CPU
		{025CFEC1-E13F-4854-9E5F-D8A220D26C63}.Release|Any CPU.ActiveCfg = Release|Any CPU
		{025CFEC1-E13F-4854-9E5F-D8A220D26C63}.Release|Any CPU.Build.0 = Release|Any CPU
		{0A2C8752-C1AB-4A7E-9BFE-8182CEDB1666}.Debug|Any CPU.ActiveCfg = Debug|Any CPU
		{0A2C8752-C1AB-4A7E-9BFE-8182CEDB1666}.Debug|Any CPU.Build.0 = Debug|Any CPU
		{0A2C8752-C1AB-4A7E-9BFE-8182CEDB1666}.Release|Any CPU.ActiveCfg = Release|Any CPU
		{0A2C8752-C1AB-4A7E-9BFE-8182CEDB1666}.Release|Any CPU.Build.0 = Release|Any CPU
		{23E0FC2A-F68A-40F6-A961-2EEEF615C1F8}.Debug|Any CPU.ActiveCfg = Debug|Any CPU
		{23E0FC2A-F68A-40F6-A961-2EEEF615C1F8}.Debug|Any CPU.Build.0 = Debug|Any CPU
		{23E0FC2A-F68A-40F6-A961-2EEEF615C1F8}.Release|Any CPU.ActiveCfg = Release|Any CPU
		{23E0FC2A-F68A-40F6-A961-2EEEF615C1F8}.Release|Any CPU.Build.0 = Release|Any CPU
		{F4D899CC-68BE-4D86-B170-77324C64685D}.Debug|Any CPU.ActiveCfg = Debug|Any CPU
		{F4D899CC-68BE-4D86-B170-77324C64685D}.Debug|Any CPU.Build.0 = Debug|Any CPU
		{F4D899CC-68BE-4D86-B170-77324C64685D}.Release|Any CPU.ActiveCfg = Release|Any CPU
		{F4D899CC-68BE-4D86-B170-77324C64685D}.Release|Any CPU.Build.0 = Release|Any CPU
		{13936586-B75D-4B2E-8243-CE2E2E2FC213}.Debug|Any CPU.ActiveCfg = Debug|Any CPU
		{13936586-B75D-4B2E-8243-CE2E2E2FC213}.Debug|Any CPU.Build.0 = Debug|Any CPU
		{13936586-B75D-4B2E-8243-CE2E2E2FC213}.Release|Any CPU.ActiveCfg = Release|Any CPU
		{13936586-B75D-4B2E-8243-CE2E2E2FC213}.Release|Any CPU.Build.0 = Release|Any CPU
		{45EAF148-1694-44D4-AFB8-A373F0E28880}.Debug|Any CPU.ActiveCfg = Debug|Any CPU
		{45EAF148-1694-44D4-AFB8-A373F0E28880}.Debug|Any CPU.Build.0 = Debug|Any CPU
		{45EAF148-1694-44D4-AFB8-A373F0E28880}.Release|Any CPU.ActiveCfg = Release|Any CPU
		{45EAF148-1694-44D4-AFB8-A373F0E28880}.Release|Any CPU.Build.0 = Release|Any CPU
		{31BD397A-1D73-45DD-91EA-F038386EB43D}.Debug|Any CPU.ActiveCfg = Debug|Any CPU
		{31BD397A-1D73-45DD-91EA-F038386EB43D}.Debug|Any CPU.Build.0 = Debug|Any CPU
		{31BD397A-1D73-45DD-91EA-F038386EB43D}.Release|Any CPU.ActiveCfg = Release|Any CPU
		{31BD397A-1D73-45DD-91EA-F038386EB43D}.Release|Any CPU.Build.0 = Release|Any CPU
		{B87013F8-3E72-4A18-86FC-DE18E5BA9D13}.Debug|Any CPU.ActiveCfg = Debug|Any CPU
		{B87013F8-3E72-4A18-86FC-DE18E5BA9D13}.Debug|Any CPU.Build.0 = Debug|Any CPU
		{B87013F8-3E72-4A18-86FC-DE18E5BA9D13}.Release|Any CPU.ActiveCfg = Release|Any CPU
		{B87013F8-3E72-4A18-86FC-DE18E5BA9D13}.Release|Any CPU.Build.0 = Release|Any CPU
	EndGlobalSection
	GlobalSection(SolutionProperties) = preSolution
		HideSolutionNode = FALSE
	EndGlobalSection
	GlobalSection(NestedProjects) = preSolution
		{7E5F4FD3-6517-4A37-AA97-D1A6B55FBFE7} = {02EA681E-C7D8-13C7-8484-4AC65E1B71E8}
		{236303FE-3AE4-4787-8531-6E75C9872C75} = {02EA681E-C7D8-13C7-8484-4AC65E1B71E8}
		{CDCF9947-37F9-4115-B0FA-7D4E44932674} = {02EA681E-C7D8-13C7-8484-4AC65E1B71E8}
		{D09146F0-D003-4735-B5DE-53512ADBD0AF} = {0E5EFEB8-9C81-4CDF-92F2-4D5BC1C5803A}
		{F7A91846-1748-4B7C-9D34-C1DEE3D35D10} = {0E5EFEB8-9C81-4CDF-92F2-4D5BC1C5803A}
		{66AFE5B1-D41A-43BC-8519-FA1C2F130987} = {0E5EFEB8-9C81-4CDF-92F2-4D5BC1C5803A}
		{DF84993A-AAAE-4B07-AC3A-2CAFD1F69D5C} = {03C35E4C-EDB4-49EF-AAEE-FEEED30993DE}
		{8306B36F-C7FF-4BD0-89DD-0A7FC3BD755E} = {03C35E4C-EDB4-49EF-AAEE-FEEED30993DE}
		{D8812C60-DEE9-450F-BB3A-E158006C4C44} = {03C35E4C-EDB4-49EF-AAEE-FEEED30993DE}
		{5F84A3DE-6DEB-42ED-B871-F316BA31BC70} = {4A1F7A03-550D-442A-B9B7-694F7E74C0BC}
		{F8C7BF8D-018A-4AF0-B5CD-95B20C1EFF42} = {4A1F7A03-550D-442A-B9B7-694F7E74C0BC}
		{32799249-C86C-498E-A969-C613EA8CBD74} = {4A1F7A03-550D-442A-B9B7-694F7E74C0BC}
		{0FEF27BC-22C3-4FA7-9CDB-4507F68FA0D1} = {C0EAFB6D-DCB8-4E78-9A72-41B5488B0093}
		{72713599-E7E9-4AE2-BD01-F7FCC29EFDDE} = {C0EAFB6D-DCB8-4E78-9A72-41B5488B0093}
		{CB6CDFC3-3866-44DD-9CD5-F73027B99351} = {C0EAFB6D-DCB8-4E78-9A72-41B5488B0093}
		{903FFCE0-6C25-447A-8B57-9AE942DB21EA} = {5E655086-6EBD-4D0A-BF49-273D7B40C7C6}
		{025CFEC1-E13F-4854-9E5F-D8A220D26C63} = {5E655086-6EBD-4D0A-BF49-273D7B40C7C6}
		{0A2C8752-C1AB-4A7E-9BFE-8182CEDB1666} = {5E655086-6EBD-4D0A-BF49-273D7B40C7C6}
		{23E0FC2A-F68A-40F6-A961-2EEEF615C1F8} = {35457851-DF67-4D6A-AB6F-D1C48BED9D83}
		{F4D899CC-68BE-4D86-B170-77324C64685D} = {35457851-DF67-4D6A-AB6F-D1C48BED9D83}
		{13936586-B75D-4B2E-8243-CE2E2E2FC213} = {35457851-DF67-4D6A-AB6F-D1C48BED9D83}
		{45EAF148-1694-44D4-AFB8-A373F0E28880} = {D673A84F-5F91-488E-81DF-C250EC8F969F}
		{31BD397A-1D73-45DD-91EA-F038386EB43D} = {D673A84F-5F91-488E-81DF-C250EC8F969F}
		{B87013F8-3E72-4A18-86FC-DE18E5BA9D13} = {D673A84F-5F91-488E-81DF-C250EC8F969F}
	EndGlobalSection
	GlobalSection(ExtensibilityGlobals) = postSolution
		SolutionGuid = {29B6075A-40F7-4AC0-9438-6F1C349DDFBE}
	EndGlobalSection
EndGlobal
